
Microsoft Visual Studio Solution File, Format Version 12.00
# Visual Studio Version 17
VisualStudioVersion = 17.7.34221.43
MinimumVisualStudioVersion = 10.0.40219.1
Project("{FAE04EC0-301F-11D3-BF4B-00C04F79EFBC}") = "RevitProject", "RevitProject.csproj", "{08A91698-B63B-472E-B089-2D6992E45F3A}"
EndProject
Project("{FAE04EC0-301F-11D3-BF4B-00C04F79EFBC}") = "UserWindow", "C:\Users\chern\Downloads\UserWindow (2)\UserWindow\UserWindow.csproj", "{35C12CCA-F3EA-4A76-904E-80D2F527514E}"
EndProject
Global
	GlobalSection(SolutionConfigurationPlatforms) = preSolution
		Debug|Any CPU = Debug|Any CPU
		Release|Any CPU = Release|Any CPU
	EndGlobalSection
	GlobalSection(ProjectConfigurationPlatforms) = postSolution
		{08A91698-B63B-472E-B089-2D6992E45F3A}.Debug|Any CPU.ActiveCfg = Debug|Any CPU
		{08A91698-B63B-472E-B089-2D6992E45F3A}.Debug|Any CPU.Build.0 = Debug|Any CPU
		{08A91698-B63B-472E-B089-2D6992E45F3A}.Release|Any CPU.ActiveCfg = Release|Any CPU
		{08A91698-B63B-472E-B089-2D6992E45F3A}.Release|Any CPU.Build.0 = Release|Any CPU
		{35C12CCA-F3EA-4A76-904E-80D2F527514E}.Debug|Any CPU.ActiveCfg = Debug|Any CPU
		{35C12CCA-F3EA-4A76-904E-80D2F527514E}.Debug|Any CPU.Build.0 = Debug|Any CPU
		{35C12CCA-F3EA-4A76-904E-80D2F527514E}.Release|Any CPU.ActiveCfg = Release|Any CPU
		{35C12CCA-F3EA-4A76-904E-80D2F527514E}.Release|Any CPU.Build.0 = Release|Any CPU
	EndGlobalSection
	GlobalSection(SolutionProperties) = preSolution
		HideSolutionNode = FALSE
	EndGlobalSection
	GlobalSection(ExtensibilityGlobals) = postSolution
		SolutionGuid = {2C548565-A94D-4260-9FA0-2DDE558A1646}
	EndGlobalSection
EndGlobal
